
Microsoft Visual Studio Solution File, Format Version 12.00
# Visual Studio Version 16
VisualStudioVersion = 16.0.29905.134
MinimumVisualStudioVersion = 10.0.40219.1
Project("{FAE04EC0-301F-11D3-BF4B-00C04F79EFBC}") = "AspNetCoreAngular", "AspNetCoreAngular\AspNetCoreAngular.csproj", "{0503EF0A-9B5A-49F5-A18E-D9D676C831BE}"
EndProject
Global
	GlobalSection(SolutionConfigurationPlatforms) = preSolution
		Debug|Any CPU = Debug|Any CPU
		Release|Any CPU = Release|Any CPU
	EndGlobalSection
	GlobalSection(ProjectConfigurationPlatforms) = postSolution
		{0503EF0A-9B5A-49F5-A18E-D9D676C831BE}.Debug|Any CPU.ActiveCfg = Debug|Any CPU
		{0503EF0A-9B5A-49F5-A18E-D9D676C831BE}.Debug|Any CPU.Build.0 = Debug|Any CPU
		{0503EF0A-9B5A-49F5-A18E-D9D676C831BE}.Release|Any CPU.ActiveCfg = Release|Any CPU
		{0503EF0A-9B5A-49F5-A18E-D9D676C831BE}.Release|Any CPU.Build.0 = Release|Any CPU
	EndGlobalSection
	GlobalSection(SolutionProperties) = preSolution
		HideSolutionNode = FALSE
	EndGlobalSection
	GlobalSection(ExtensibilityGlobals) = postSolution
		SolutionGuid = {E440F753-0421-4DD6-B9C4-22088E9A35AB}
	EndGlobalSection
EndGlobal
